// !$*UTF8*$!
{
	archiveVersion = 1;
	classes = {
	};
	objectVersion = 50;
	objects = {

/* Begin PBXBuildFile section */
		BC0A20522161FE040015FD0E /* AppDelegate.m in Sources */ = {isa = PBXBuildFile; fileRef = BC0A20512161FE040015FD0E /* AppDelegate.m */; };
		BC0A20552161FE040015FD0E /* ViewController.m in Sources */ = {isa = PBXBuildFile; fileRef = BC0A20542161FE040015FD0E /* ViewController.m */; };
		BC0A20582161FE040015FD0E /* Main.storyboard in Resources */ = {isa = PBXBuildFile; fileRef = BC0A20562161FE040015FD0E /* Main.storyboard */; };
		BC0A205A2161FE050015FD0E /* Assets.xcassets in Resources */ = {isa = PBXBuildFile; fileRef = BC0A20592161FE050015FD0E /* Assets.xcassets */; };
		BC0A205D2161FE050015FD0E /* LaunchScreen.storyboard in Resources */ = {isa = PBXBuildFile; fileRef = BC0A205B2161FE050015FD0E /* LaunchScreen.storyboard */; };
		BC0A20602161FE050015FD0E /* main.m in Sources */ = {isa = PBXBuildFile; fileRef = BC0A205F2161FE050015FD0E /* main.m */; };
		BC0A206A2161FE050015FD0E /* helloTests.m in Sources */ = {isa = PBXBuildFile; fileRef = BC0A20692161FE050015FD0E /* helloTests.m */; };
		BC0A20752161FE050015FD0E /* helloUITests.m in Sources */ = {isa = PBXBuildFile; fileRef = BC0A20742161FE050015FD0E /* helloUITests.m */; };
/* End PBXBuildFile section */

/* Begin PBXContainerItemProxy section */
		BC0A20662161FE050015FD0E /* PBXContainerItemProxy */ = {
			isa = PBXContainerItemProxy;
			containerPortal = BC0A20452161FE040015FD0E /* Project object */;
			proxyType = 1;
			remoteGlobalIDString = BC0A204C2161FE040015FD0E;
			remoteInfo = hello;
		};
		BC0A20712161FE050015FD0E /* PBXContainerItemProxy */ = {
			isa = PBXContainerItemProxy;
			containerPortal = BC0A20452161FE040015FD0E /* Project object */;
			proxyType = 1;
			remoteGlobalIDString = BC0A204C2161FE040015FD0E;
			remoteInfo = hello;
		};
/* End PBXContainerItemProxy section */

/* Begin PBXFileReference section */
		BC0A204D2161FE040015FD0E /* hello.app */ = {isa = PBXFileReference; explicitFileType = wrapper.application; includeInIndex = 0; path = hello.app; sourceTree = BUILT_PRODUCTS_DIR; };
		BC0A20502161FE040015FD0E /* AppDelegate.h */ = {isa = PBXFileReference; lastKnownFileType = sourcecode.c.h; path = AppDelegate.h; sourceTree = "<group>"; };
		BC0A20512161FE040015FD0E /* AppDelegate.m */ = {isa = PBXFileReference; lastKnownFileType = sourcecode.c.objc; path = AppDelegate.m; sourceTree = "<group>"; };
		BC0A20532161FE040015FD0E /* ViewController.h */ = {isa = PBXFileReference; lastKnownFileType = sourcecode.c.h; path = ViewController.h; sourceTree = "<group>"; };
		BC0A20542161FE040015FD0E /* ViewController.m */ = {isa = PBXFileReference; lastKnownFileType = sourcecode.c.objc; path = ViewController.m; sourceTree = "<group>"; };
		BC0A20572161FE040015FD0E /* Base */ = {isa = PBXFileReference; lastKnownFileType = file.storyboard; name = Base; path = Base.lproj/Main.storyboard; sourceTree = "<group>"; };
		BC0A20592161FE050015FD0E /* Assets.xcassets */ = {isa = PBXFileReference; lastKnownFileType = folder.assetcatalog; path = Assets.xcassets; sourceTree = "<group>"; };
		BC0A205C2161FE050015FD0E /* Base */ = {isa = PBXFileReference; lastKnownFileType = file.storyboard; name = Base; path = Base.lproj/LaunchScreen.storyboard; sourceTree = "<group>"; };
		BC0A205E2161FE050015FD0E /* Info.plist */ = {isa = PBXFileReference; lastKnownFileType = text.plist.xml; path = Info.plist; sourceTree = "<group>"; };
		BC0A205F2161FE050015FD0E /* main.m */ = {isa = PBXFileReference; lastKnownFileType = sourcecode.c.objc; path = main.m; sourceTree = "<group>"; };
		BC0A20652161FE050015FD0E /* helloTests.xctest */ = {isa = PBXFileReference; explicitFileType = wrapper.cfbundle; includeInIndex = 0; path = helloTests.xctest; sourceTree = BUILT_PRODUCTS_DIR; };
		BC0A20692161FE050015FD0E /* helloTests.m */ = {isa = PBXFileReference; lastKnownFileType = sourcecode.c.objc; path = helloTests.m; sourceTree = "<group>"; };
		BC0A206B2161FE050015FD0E /* Info.plist */ = {isa = PBXFileReference; lastKnownFileType = text.plist.xml; path = Info.plist; sourceTree = "<group>"; };
		BC0A20702161FE050015FD0E /* helloUITests.xctest */ = {isa = PBXFileReference; explicitFileType = wrapper.cfbundle; includeInIndex = 0; path = helloUITests.xctest; sourceTree = BUILT_PRODUCTS_DIR; };
		BC0A20742161FE050015FD0E /* helloUITests.m */ = {isa = PBXFileReference; lastKnownFileType = sourcecode.c.objc; path = helloUITests.m; sourceTree = "<group>"; };
		BC0A20762161FE050015FD0E /* Info.plist */ = {isa = PBXFileReference; lastKnownFileType = text.plist.xml; path = Info.plist; sourceTree = "<group>"; };
/* End PBXFileReference section */

/* Begin PBXFrameworksBuildPhase section */
		BC0A204A2161FE040015FD0E /* Frameworks */ = {
			isa = PBXFrameworksBuildPhase;
			buildActionMask = 2147483647;
			files = (
			);
			runOnlyForDeploymentPostprocessing = 0;
		};
		BC0A20622161FE050015FD0E /* Frameworks */ = {
			isa = PBXFrameworksBuildPhase;
			buildActionMask = 2147483647;
			files = (
			);
			runOnlyForDeploymentPostprocessing = 0;
		};
		BC0A206D2161FE050015FD0E /* Frameworks */ = {
			isa = PBXFrameworksBuildPhase;
			buildActionMask = 2147483647;
			files = (
			);
			runOnlyForDeploymentPostprocessing = 0;
		};
/* End PBXFrameworksBuildPhase section */

/* Begin PBXGroup section */
		BC0A20442161FE040015FD0E = {
			isa = PBXGroup;
			children = (
				BC0A204F2161FE040015FD0E /* hello */,
				BC0A20682161FE050015FD0E /* helloTests */,
				BC0A20732161FE050015FD0E /* helloUITests */,
				BC0A204E2161FE040015FD0E /* Products */,
			);
			sourceTree = "<group>";
		};
		BC0A204E2161FE040015FD0E /* Products */ = {
			isa = PBXGroup;
			children = (
				BC0A204D2161FE040015FD0E /* hello.app */,
				BC0A20652161FE050015FD0E /* helloTests.xctest */,
				BC0A20702161FE050015FD0E /* helloUITests.xctest */,
			);
			name = Products;
			sourceTree = "<group>";
		};
		BC0A204F2161FE040015FD0E /* hello */ = {
			isa = PBXGroup;
			children = (
				BC0A20502161FE040015FD0E /* AppDelegate.h */,
				BC0A20512161FE040015FD0E /* AppDelegate.m */,
				BC0A20532161FE040015FD0E /* ViewController.h */,
				BC0A20542161FE040015FD0E /* ViewController.m */,
				BC0A20562161FE040015FD0E /* Main.storyboard */,
				BC0A20592161FE050015FD0E /* Assets.xcassets */,
				BC0A205B2161FE050015FD0E /* LaunchScreen.storyboard */,
				BC0A205E2161FE050015FD0E /* Info.plist */,
				BC0A205F2161FE050015FD0E /* main.m */,
			);
			path = hello;
			sourceTree = "<group>";
		};
		BC0A20682161FE050015FD0E /* helloTests */ = {
			isa = PBXGroup;
			children = (
				BC0A20692161FE050015FD0E /* helloTests.m */,
				BC0A206B2161FE050015FD0E /* Info.plist */,
			);
			path = helloTests;
			sourceTree = "<group>";
		};
		BC0A20732161FE050015FD0E /* helloUITests */ = {
			isa = PBXGroup;
			children = (
				BC0A20742161FE050015FD0E /* helloUITests.m */,
				BC0A20762161FE050015FD0E /* Info.plist */,
			);
			path = helloUITests;
			sourceTree = "<group>";
		};
/* End PBXGroup section */

/* Begin PBXNativeTarget section */
		BC0A204C2161FE040015FD0E /* hello */ = {
			isa = PBXNativeTarget;
			buildConfigurationList = BC0A20792161FE050015FD0E /* Build configuration list for PBXNativeTarget "hello" */;
			buildPhases = (
				BC0A20492161FE040015FD0E /* Sources */,
				BC0A204A2161FE040015FD0E /* Frameworks */,
				BC0A204B2161FE040015FD0E /* Resources */,
			);
			buildRules = (
			);
			dependencies = (
			);
			name = hello;
			productName = hello;
			productReference = BC0A204D2161FE040015FD0E /* hello.app */;
			productType = "com.apple.product-type.application";
		};
		BC0A20642161FE050015FD0E /* helloTests */ = {
			isa = PBXNativeTarget;
			buildConfigurationList = BC0A207C2161FE050015FD0E /* Build configuration list for PBXNativeTarget "helloTests" */;
			buildPhases = (
				BC0A20612161FE050015FD0E /* Sources */,
				BC0A20622161FE050015FD0E /* Frameworks */,
				BC0A20632161FE050015FD0E /* Resources */,
			);
			buildRules = (
			);
			dependencies = (
				BC0A20672161FE050015FD0E /* PBXTargetDependency */,
			);
			name = helloTests;
			productName = helloTests;
			productReference = BC0A20652161FE050015FD0E /* helloTests.xctest */;
			productType = "com.apple.product-type.bundle.unit-test";
		};
		BC0A206F2161FE050015FD0E /* helloUITests */ = {
			isa = PBXNativeTarget;
			buildConfigurationList = BC0A207F2161FE050015FD0E /* Build configuration list for PBXNativeTarget "helloUITests" */;
			buildPhases = (
				BC0A206C2161FE050015FD0E /* Sources */,
				BC0A206D2161FE050015FD0E /* Frameworks */,
				BC0A206E2161FE050015FD0E /* Resources */,
			);
			buildRules = (
			);
			dependencies = (
				BC0A20722161FE050015FD0E /* PBXTargetDependency */,
			);
			name = helloUITests;
			productName = helloUITests;
			productReference = BC0A20702161FE050015FD0E /* helloUITests.xctest */;
			productType = "com.apple.product-type.bundle.ui-testing";
		};
/* End PBXNativeTarget section */

/* Begin PBXProject section */
		BC0A20452161FE040015FD0E /* Project object */ = {
			isa = PBXProject;
			attributes = {
				LastUpgradeCheck = 1000;
				ORGANIZATIONNAME = "余泽盛";
				TargetAttributes = {
					BC0A204C2161FE040015FD0E = {
						CreatedOnToolsVersion = 10.0;
					};
					BC0A20642161FE050015FD0E = {
						CreatedOnToolsVersion = 10.0;
						TestTargetID = BC0A204C2161FE040015FD0E;
					};
					BC0A206F2161FE050015FD0E = {
						CreatedOnToolsVersion = 10.0;
						TestTargetID = BC0A204C2161FE040015FD0E;
					};
				};
			};
			buildConfigurationList = BC0A20482161FE040015FD0E /* Build configuration list for PBXProject "hello" */;
			compatibilityVersion = "Xcode 9.3";
			developmentRegion = en;
			hasScannedForEncodings = 0;
			knownRegions = (
				en,
				Base,
			);
			mainGroup = BC0A20442161FE040015FD0E;
			productRefGroup = BC0A204E2161FE040015FD0E /* Products */;
			projectDirPath = "";
			projectRoot = "";
			targets = (
				BC0A204C2161FE040015FD0E /* hello */,
				BC0A20642161FE050015FD0E /* helloTests */,
				BC0A206F2161FE050015FD0E /* helloUITests */,
			);
		};
/* End PBXProject section */

/* Begin PBXResourcesBuildPhase section */
		BC0A204B2161FE040015FD0E /* Resources */ = {
			isa = PBXResourcesBuildPhase;
			buildActionMask = 2147483647;
			files = (
				BC0A205D2161FE050015FD0E /* LaunchScreen.storyboard in Resources */,
				BC0A205A2161FE050015FD0E /* Assets.xcassets in Resources */,
				BC0A20582161FE040015FD0E /* Main.storyboard in Resources */,
			);
			runOnlyForDeploymentPostprocessing = 0;
		};
		BC0A20632161FE050015FD0E /* Resources */ = {
			isa = PBXResourcesBuildPhase;
			buildActionMask = 2147483647;
			files = (
			);
			runOnlyForDeploymentPostprocessing = 0;
		};
		BC0A206E2161FE050015FD0E /* Resources */ = {
			isa = PBXResourcesBuildPhase;
			buildActionMask = 2147483647;
			files = (
			);
			runOnlyForDeploymentPostprocessing = 0;
		};
/* End PBXResourcesBuildPhase section */

/* Begin PBXSourcesBuildPhase section */
		BC0A20492161FE040015FD0E /* Sources */ = {
			isa = PBXSourcesBuildPhase;
			buildActionMask = 2147483647;
			files = (
				BC0A20552161FE040015FD0E /* ViewController.m in Sources */,
				BC0A20602161FE050015FD0E /* main.m in Sources */,
				BC0A20522161FE040015FD0E /* AppDelegate.m in Sources */,
			);
			runOnlyForDeploymentPostprocessing = 0;
		};
		BC0A20612161FE050015FD0E /* Sources */ = {
			isa = PBXSourcesBuildPhase;
			buildActionMask = 2147483647;
			files = (
				BC0A206A2161FE050015FD0E /* helloTests.m in Sources */,
			);
			runOnlyForDeploymentPostprocessing = 0;
		};
		BC0A206C2161FE050015FD0E /* Sources */ = {
			isa = PBXSourcesBuildPhase;
			buildActionMask = 2147483647;
			files = (
				BC0A20752161FE050015FD0E /* helloUITests.m in Sources */,
			);
			runOnlyForDeploymentPostprocessing = 0;
		};
/* End PBXSourcesBuildPhase section */

/* Begin PBXTargetDependency section */
		BC0A20672161FE050015FD0E /* PBXTargetDependency */ = {
			isa = PBXTargetDependency;
			target = BC0A204C2161FE040015FD0E /* hello */;
			targetProxy = BC0A20662161FE050015FD0E /* PBXContainerItemProxy */;
		};
		BC0A20722161FE050015FD0E /* PBXTargetDependency */ = {
			isa = PBXTargetDependency;
			target = BC0A204C2161FE040015FD0E /* hello */;
			targetProxy = BC0A20712161FE050015FD0E /* PBXContainerItemProxy */;
		};
/* End PBXTargetDependency section */

/* Begin PBXVariantGroup section */
		BC0A20562161FE040015FD0E /* Main.storyboard */ = {
			isa = PBXVariantGroup;
			children = (
				BC0A20572161FE040015FD0E /* Base */,
			);
			name = Main.storyboard;
			sourceTree = "<group>";
		};
		BC0A205B2161FE050015FD0E /* LaunchScreen.storyboard */ = {
			isa = PBXVariantGroup;
			children = (
				BC0A205C2161FE050015FD0E /* Base */,
			);
			name = LaunchScreen.storyboard;
			sourceTree = "<group>";
		};
/* End PBXVariantGroup section */

/* Begin XCBuildConfiguration section */
		BC0A20772161FE050015FD0E /* Debug */ = {
			isa = XCBuildConfiguration;
			buildSettings = {
				ALWAYS_SEARCH_USER_PATHS = NO;
				CLANG_ANALYZER_NONNULL = YES;
				CLANG_ANALYZER_NUMBER_OBJECT_CONVERSION = YES_AGGRESSIVE;
				CLANG_CXX_LANGUAGE_STANDARD = "gnu++14";
				CLANG_CXX_LIBRARY = "libc++";
				CLANG_ENABLE_MODULES = YES;
				CLANG_ENABLE_OBJC_ARC = YES;
				CLANG_ENABLE_OBJC_WEAK = YES;
				CLANG_WARN_BLOCK_CAPTURE_AUTORELEASING = YES;
				CLANG_WARN_BOOL_CONVERSION = YES;
				CLANG_WARN_COMMA = YES;
				CLANG_WARN_CONSTANT_CONVERSION = YES;
				CLANG_WARN_DEPRECATED_OBJC_IMPLEMENTATIONS = YES;
				CLANG_WARN_DIRECT_OBJC_ISA_USAGE = YES_ERROR;
				CLANG_WARN_DOCUMENTATION_COMMENTS = YES;
				CLANG_WARN_EMPTY_BODY = YES;
				CLANG_WARN_ENUM_CONVERSION = YES;
				CLANG_WARN_INFINITE_RECURSION = YES;
				CLANG_WARN_INT_CONVERSION = YES;
				CLANG_WARN_NON_LITERAL_NULL_CONVERSION = YES;
				CLANG_WARN_OBJC_IMPLICIT_RETAIN_SELF = YES;
				CLANG_WARN_OBJC_LITERAL_CONVERSION = YES;
				CLANG_WARN_OBJC_ROOT_CLASS = YES_ERROR;
				CLANG_WARN_RANGE_LOOP_ANALYSIS = YES;
				CLANG_WARN_STRICT_PROTOTYPES = YES;
				CLANG_WARN_SUSPICIOUS_MOVE = YES;
				CLANG_WARN_UNGUARDED_AVAILABILITY = YES_AGGRESSIVE;
				CLANG_WARN_UNREACHABLE_CODE = YES;
				CLANG_WARN__DUPLICATE_METHOD_MATCH = YES;
				CODE_SIGN_IDENTITY = "iPhone Developer";
				COPY_PHASE_STRIP = NO;
				DEBUG_INFORMATION_FORMAT = dwarf;
				ENABLE_STRICT_OBJC_MSGSEND = YES;
				ENABLE_TESTABILITY = YES;
				GCC_C_LANGUAGE_STANDARD = gnu11;
				GCC_DYNAMIC_NO_PIC = NO;
				GCC_NO_COMMON_BLOCKS = YES;
				GCC_OPTIMIZATION_LEVEL = 0;
				GCC_PREPROCESSOR_DEFINITIONS = (
					"DEBUG=1",
					"$(inherited)",
				);
				GCC_WARN_64_TO_32_BIT_CONVERSION = YES;
				GCC_WARN_ABOUT_RETURN_TYPE = YES_ERROR;
				GCC_WARN_UNDECLARED_SELECTOR = YES;
				GCC_WARN_UNINITIALIZED_AUTOS = YES_AGGRESSIVE;
				GCC_WARN_UNUSED_FUNCTION = YES;
				GCC_WARN_UNUSED_VARIABLE = YES;
				IPHONEOS_DEPLOYMENT_TARGET = 12.0;
				MTL_ENABLE_DEBUG_INFO = INCLUDE_SOURCE;
				MTL_FAST_MATH = YES;
				ONLY_ACTIVE_ARCH = YES;
				SDKROOT = iphoneos;
			};
			name = Debug;
		};
		BC0A20782161FE050015FD0E /* Release */ = {
			isa = XCBuildConfiguration;
			buildSettings = {
				ALWAYS_SEARCH_USER_PATHS = NO;
				CLANG_ANALYZER_NONNULL = YES;
				CLANG_ANALYZER_NUMBER_OBJECT_CONVERSION = YES_AGGRESSIVE;
				CLANG_CXX_LANGUAGE_STANDARD = "gnu++14";
				CLANG_CXX_LIBRARY = "libc++";
				CLANG_ENABLE_MODULES = YES;
				CLANG_ENABLE_OBJC_ARC = YES;
				CLANG_ENABLE_OBJC_WEAK = YES;
				CLANG_WARN_BLOCK_CAPTURE_AUTORELEASING = YES;
				CLANG_WARN_BOOL_CONVERSION = YES;
				CLANG_WARN_COMMA = YES;
				CLANG_WARN_CONSTANT_CONVERSION = YES;
				CLANG_WARN_DEPRECATED_OBJC_IMPLEMENTATIONS = YES;
				CLANG_WARN_DIRECT_OBJC_ISA_USAGE = YES_ERROR;
				CLANG_WARN_DOCUMENTATION_COMMENTS = YES;
				CLANG_WARN_EMPTY_BODY = YES;
				CLANG_WARN_ENUM_CONVERSION = YES;
				CLANG_WARN_INFINITE_RECURSION = YES;
				CLANG_WARN_INT_CONVERSION = YES;
				CLANG_WARN_NON_LITERAL_NULL_CONVERSION = YES;
				CLANG_WARN_OBJC_IMPLICIT_RETAIN_SELF = YES;
				CLANG_WARN_OBJC_LITERAL_CONVERSION = YES;
				CLANG_WARN_OBJC_ROOT_CLASS = YES_ERROR;
				CLANG_WARN_RANGE_LOOP_ANALYSIS = YES;
				CLANG_WARN_STRICT_PROTOTYPES = YES;
				CLANG_WARN_SUSPICIOUS_MOVE = YES;
				CLANG_WARN_UNGUARDED_AVAILABILITY = YES_AGGRESSIVE;
				CLANG_WARN_UNREACHABLE_CODE = YES;
				CLANG_WARN__DUPLICATE_METHOD_MATCH = YES;
				CODE_SIGN_IDENTITY = "iPhone Developer";
				COPY_PHASE_STRIP = NO;
				DEBUG_INFORMATION_FORMAT = "dwarf-with-dsym";
				ENABLE_NS_ASSERTIONS = NO;
				ENABLE_STRICT_OBJC_MSGSEND = YES;
				GCC_C_LANGUAGE_STANDARD = gnu11;
				GCC_NO_COMMON_BLOCKS = YES;
				GCC_WARN_64_TO_32_BIT_CONVERSION = YES;
				GCC_WARN_ABOUT_RETURN_TYPE = YES_ERROR;
				GCC_WARN_UNDECLARED_SELECTOR = YES;
				GCC_WARN_UNINITIALIZED_AUTOS = YES_AGGRESSIVE;
				GCC_WARN_UNUSED_FUNCTION = YES;
				GCC_WARN_UNUSED_VARIABLE = YES;
				IPHONEOS_DEPLOYMENT_TARGET = 12.0;
				MTL_ENABLE_DEBUG_INFO = NO;
				MTL_FAST_MATH = YES;
				SDKROOT = iphoneos;
				VALIDATE_PRODUCT = YES;
			};
			name = Release;
		};
		BC0A207A2161FE050015FD0E /* Debug */ = {
			isa = XCBuildConfiguration;
			buildSettings = {
				ASSETCATALOG_COMPILER_APPICON_NAME = AppIcon;
				CODE_SIGN_IDENTITY = "iPhone Distribution";
				CODE_SIGN_STYLE = Manual;
				DEVELOPMENT_TEAM = QY9BQSQLNP;
				INFOPLIST_FILE = hello/Info.plist;
				LD_RUNPATH_SEARCH_PATHS = (
					"$(inherited)",
					"@executable_path/Frameworks",
				);
				PRODUCT_BUNDLE_IDENTIFIER = com.haoyue.HelloWorld;
				PRODUCT_NAME = "$(TARGET_NAME)";
				PROVISIONING_PROFILE_SPECIFIER = sc;
				TARGETED_DEVICE_FAMILY = "1,2";
			};
			name = Debug;
		};
		BC0A207B2161FE050015FD0E /* Release */ = {
			isa = XCBuildConfiguration;
			buildSettings = {
				ASSETCATALOG_COMPILER_APPICON_NAME = AppIcon;
				CODE_SIGN_IDENTITY = "iPhone Distribution";
				CODE_SIGN_STYLE = Manual;
				DEVELOPMENT_TEAM = QY9BQSQLNP;
				INFOPLIST_FILE = hello/Info.plist;
				LD_RUNPATH_SEARCH_PATHS = (
					"$(inherited)",
					"@executable_path/Frameworks",
				);
				PRODUCT_BUNDLE_IDENTIFIER = com.haoyue.HelloWorld;
				PRODUCT_NAME = "$(TARGET_NAME)";
				PROVISIONING_PROFILE_SPECIFIER = sc;
				TARGETED_DEVICE_FAMILY = "1,2";
			};
			name = Release;
		};
		BC0A207D2161FE050015FD0E /* Debug */ = {
			isa = XCBuildConfiguration;
			buildSettings = {
				BUNDLE_LOADER = "$(TEST_HOST)";
				CODE_SIGN_STYLE = Automatic;
				DEVELOPMENT_TEAM = QY9BQSQLNP;
				INFOPLIST_FILE = helloTests/Info.plist;
				LD_RUNPATH_SEARCH_PATHS = (
					"$(inherited)",
					"@executable_path/Frameworks",
					"@loader_path/Frameworks",
				);
				PRODUCT_BUNDLE_IDENTIFIER = com.haoyue.hh.helloTests;
				PRODUCT_NAME = "$(TARGET_NAME)";
				TARGETED_DEVICE_FAMILY = "1,2";
				TEST_HOST = "$(BUILT_PRODUCTS_DIR)/hello.app/hello";
			};
			name = Debug;
		};
		BC0A207E2161FE050015FD0E /* Release */ = {
			isa = XCBuildConfiguration;
			buildSettings = {
				BUNDLE_LOADER = "$(TEST_HOST)";
				CODE_SIGN_STYLE = Automatic;
				DEVELOPMENT_TEAM = QY9BQSQLNP;
				INFOPLIST_FILE = helloTests/Info.plist;
				LD_RUNPATH_SEARCH_PATHS = (
					"$(inherited)",
					"@executable_path/Frameworks",
					"@loader_path/Frameworks",
				);
				PRODUCT_BUNDLE_IDENTIFIER = com.haoyue.hh.helloTests;
				PRODUCT_NAME = "$(TARGET_NAME)";
				TARGETED_DEVICE_FAMILY = "1,2";
				TEST_HOST = "$(BUILT_PRODUCTS_DIR)/hello.app/hello";
			};
			name = Release;
		};
		BC0A20802161FE050015FD0E /* Debug */ = {
			isa = XCBuildConfiguration;
			buildSettings = {
				CODE_SIGN_STYLE = Automatic;
				DEVELOPMENT_TEAM = QY9BQSQLNP;
				INFOPLIST_FILE = helloUITests/Info.plist;
				LD_RUNPATH_SEARCH_PATHS = (
					"$(inherited)",
					"@executable_path/Frameworks",
					"@loader_path/Frameworks",
				);
				PRODUCT_BUNDLE_IDENTIFIER = com.haoyue.hh.helloUITests;
				PRODUCT_NAME = "$(TARGET_NAME)";
				TARGETED_DEVICE_FAMILY = "1,2";
				TEST_TARGET_NAME = hello;
			};
			name = Debug;
		};
		BC0A20812161FE050015FD0E /* Release */ = {
			isa = XCBuildConfiguration;
			buildSettings = {
				CODE_SIGN_STYLE = Automatic;
				DEVELOPMENT_TEAM = QY9BQSQLNP;
				INFOPLIST_FILE = helloUITests/Info.plist;
				LD_RUNPATH_SEARCH_PATHS = (
					"$(inherited)",
					"@executable_path/Frameworks",
					"@loader_path/Frameworks",
				);
				PRODUCT_BUNDLE_IDENTIFIER = com.haoyue.hh.helloUITests;
				PRODUCT_NAME = "$(TARGET_NAME)";
				TARGETED_DEVICE_FAMILY = "1,2";
				TEST_TARGET_NAME = hello;
			};
			name = Release;
		};
/* End XCBuildConfiguration section */

/* Begin XCConfigurationList section */
		BC0A20482161FE040015FD0E /* Build configuration list for PBXProject "hello" */ = {
			isa = XCConfigurationList;
			buildConfigurations = (
				BC0A20772161FE050015FD0E /* Debug */,
				BC0A20782161FE050015FD0E /* Release */,
			);
			defaultConfigurationIsVisible = 0;
			defaultConfigurationName = Release;
		};
		BC0A20792161FE050015FD0E /* Build configuration list for PBXNativeTarget "hello" */ = {
			isa = XCConfigurationList;
			buildConfigurations = (
				BC0A207A2161FE050015FD0E /* Debug */,
				BC0A207B2161FE050015FD0E /* Release */,
			);
			defaultConfigurationIsVisible = 0;
			defaultConfigurationName = Release;
		};
		BC0A207C2161FE050015FD0E /* Build configuration list for PBXNativeTarget "helloTests" */ = {
			isa = XCConfigurationList;
			buildConfigurations = (
				BC0A207D2161FE050015FD0E /* Debug */,
				BC0A207E2161FE050015FD0E /* Release */,
			);
			defaultConfigurationIsVisible = 0;
			defaultConfigurationName = Release;
		};
		BC0A207F2161FE050015FD0E /* Build configuration list for PBXNativeTarget "helloUITests" */ = {
			isa = XCConfigurationList;
			buildConfigurations = (
				BC0A20802161FE050015FD0E /* Debug */,
				BC0A20812161FE050015FD0E /* Release */,
			);
			defaultConfigurationIsVisible = 0;
			defaultConfigurationName = Release;
		};
/* End XCConfigurationList section */
	};
	rootObject = BC0A20452161FE040015FD0E /* Project object */;
}
